
Microsoft Visual Studio Solution File, Format Version 12.00
# Visual Studio Version 16
VisualStudioVersion = 16.0.31515.178
MinimumVisualStudioVersion = 10.0.40219.1
Project("{FAE04EC0-301F-11D3-BF4B-00C04F79EFBC}") = "WebAPI", "WebAPI\WebAPI.csproj", "{4BCE8D78-EB74-4ABD-AEBD-4BBB446E8A41}"
EndProject
Project("{FAE04EC0-301F-11D3-BF4B-00C04F79EFBC}") = "DAL", "DAL\DAL.csproj", "{5BDC4B30-6123-4ECF-B70A-E023671FE45A}"
EndProject
Project("{FAE04EC0-301F-11D3-BF4B-00C04F79EFBC}") = "Business", "Business\Business.csproj", "{0EE591EA-9494-43D2-975F-9A93B4949060}"
EndProject
Global
	GlobalSection(SolutionConfigurationPlatforms) = preSolution
		Debug|Any CPU = Debug|Any CPU
		Release|Any CPU = Release|Any CPU
	EndGlobalSection
	GlobalSection(ProjectConfigurationPlatforms) = postSolution
		{4BCE8D78-EB74-4ABD-AEBD-4BBB446E8A41}.Debug|Any CPU.ActiveCfg = Debug|Any CPU
		{4BCE8D78-EB74-4ABD-AEBD-4BBB446E8A41}.Debug|Any CPU.Build.0 = Debug|Any CPU
		{4BCE8D78-EB74-4ABD-AEBD-4BBB446E8A41}.Release|Any CPU.ActiveCfg = Release|Any CPU
		{4BCE8D78-EB74-4ABD-AEBD-4BBB446E8A41}.Release|Any CPU.Build.0 = Release|Any CPU
		{5BDC4B30-6123-4ECF-B70A-E023671FE45A}.Debug|Any CPU.ActiveCfg = Debug|Any CPU
		{5BDC4B30-6123-4ECF-B70A-E023671FE45A}.Debug|Any CPU.Build.0 = Debug|Any CPU
		{5BDC4B30-6123-4ECF-B70A-E023671FE45A}.Release|Any CPU.ActiveCfg = Release|Any CPU
		{5BDC4B30-6123-4ECF-B70A-E023671FE45A}.Release|Any CPU.Build.0 = Release|Any CPU
		{0EE591EA-9494-43D2-975F-9A93B4949060}.Debug|Any CPU.ActiveCfg = Debug|Any CPU
		{0EE591EA-9494-43D2-975F-9A93B4949060}.Debug|Any CPU.Build.0 = Debug|Any CPU
		{0EE591EA-9494-43D2-975F-9A93B4949060}.Release|Any CPU.ActiveCfg = Release|Any CPU
		{0EE591EA-9494-43D2-975F-9A93B4949060}.Release|Any CPU.Build.0 = Release|Any CPU
	EndGlobalSection
	GlobalSection(SolutionProperties) = preSolution
		HideSolutionNode = FALSE
	EndGlobalSection
	GlobalSection(ExtensibilityGlobals) = postSolution
		SolutionGuid = {A9397581-2B0D-44A6-8702-C8E94FD64325}
	EndGlobalSection
EndGlobal
